// !$*UTF8*$!
{
	archiveVersion = 1;
	classes = {
	};
	objectVersion = 46;
	objects = {

/* Begin PBXBuildFile section */
		4F00D4931F26F75C0027528D /* 1.wav in Resources */ = {isa = PBXBuildFile; fileRef = 4F00D4921F26F75C0027528D /* 1.wav */; };
		4F0115F41EE3A46F00330302 /* CTCallIVRView.nib in Resources */ = {isa = PBXBuildFile; fileRef = 4F0115F31EE3A46F00330302 /* CTCallIVRView.nib */; };
		4F1382EF1E9C687E00112681 /* View.xib in Resources */ = {isa = PBXBuildFile; fileRef = 4F1382EE1E9C687E00112681 /* View.xib */; };
		4F13830D1E9CE38D00112681 /* CoreTelephony.framework in Frameworks */ = {isa = PBXBuildFile; fileRef = 4F13830C1E9CE38D00112681 /* CoreTelephony.framework */; };
		4F39B75E1E97546600FAE64C /* NSString+MD5.m in Sources */ = {isa = PBXBuildFile; fileRef = 4F39B75D1E97546600FAE64C /* NSString+MD5.m */; };
		4F3AA9481EC16AF5003CFC02 /* ThirdFont.plist in Resources */ = {isa = PBXBuildFile; fileRef = 4F3AA9471EC16AF5003CFC02 /* ThirdFont.plist */; };
		4F4A4ED71F261F680042CA5F /* libmp3lame.a in Frameworks */ = {isa = PBXBuildFile; fileRef = 4F4A4ED61F261F680042CA5F /* libmp3lame.a */; };
		4F51FCA51E9B2FBE009808DF /* AFHTTPSessionManager.m in Sources */ = {isa = PBXBuildFile; fileRef = 4F51FC991E9B2FBE009808DF /* AFHTTPSessionManager.m */; };
		4F51FCA61E9B2FBE009808DF /* AFNetworkReachabilityManager.m in Sources */ = {isa = PBXBuildFile; fileRef = 4F51FC9C1E9B2FBE009808DF /* AFNetworkReachabilityManager.m */; };
		4F51FCA71E9B2FBE009808DF /* AFSecurityPolicy.m in Sources */ = {isa = PBXBuildFile; fileRef = 4F51FC9E1E9B2FBE009808DF /* AFSecurityPolicy.m */; };
		4F51FCA81E9B2FBE009808DF /* AFURLRequestSerialization.m in Sources */ = {isa = PBXBuildFile; fileRef = 4F51FCA01E9B2FBE009808DF /* AFURLRequestSerialization.m */; };
		4F51FCA91E9B2FBE009808DF /* AFURLResponseSerialization.m in Sources */ = {isa = PBXBuildFile; fileRef = 4F51FCA21E9B2FBE009808DF /* AFURLResponseSerialization.m */; };
		4F51FCAA1E9B2FBE009808DF /* AFURLSessionManager.m in Sources */ = {isa = PBXBuildFile; fileRef = 4F51FCA41E9B2FBE009808DF /* AFURLSessionManager.m */; };
		4F6539841F346BFA00414774 /* ClassEnum.m in Sources */ = {isa = PBXBuildFile; fileRef = 4F6539831F346BFA00414774 /* ClassEnum.m */; };
		4F6565B81F31B2AD00EB6797 /* GoogleMapController.m in Sources */ = {isa = PBXBuildFile; fileRef = 4F6565B71F31B2AD00EB6797 /* GoogleMapController.m */; };
		4F7B13F01F2983C6007836EE /* WaterWaveProgressView.m in Sources */ = {isa = PBXBuildFile; fileRef = 4F7B13EF1F2983C6007836EE /* WaterWaveProgressView.m */; };
		4F7DB7291F3FF7EA00507498 /* Animal.m in Sources */ = {isa = PBXBuildFile; fileRef = 4F7DB7281F3FF7EA00507498 /* Animal.m */; };
		4F85BE811F417A620044C5E8 /* bg_location_info.png in Resources */ = {isa = PBXBuildFile; fileRef = 4F85BE6A1F417A620044C5E8 /* bg_location_info.png */; };
		4F85BE821F417A620044C5E8 /* btn_back.png in Resources */ = {isa = PBXBuildFile; fileRef = 4F85BE6B1F417A620044C5E8 /* btn_back.png */; };
		4F85BE831F417A620044C5E8 /* btn_submit.png in Resources */ = {isa = PBXBuildFile; fileRef = 4F85BE6C1F417A620044C5E8 /* btn_submit.png */; };
		4F85BE841F417A620044C5E8 /* ico_location.png in Resources */ = {isa = PBXBuildFile; fileRef = 4F85BE6D1F417A620044C5E8 /* ico_location.png */; };
		4F85BE851F417A620044C5E8 /* location_marker.png in Resources */ = {isa = PBXBuildFile; fileRef = 4F85BE6E1F417A620044C5E8 /* location_marker.png */; };
		4F85BE861F417A620044C5E8 /* p.png in Resources */ = {isa = PBXBuildFile; fileRef = 4F85BE6F1F417A620044C5E8 /* p.png */; };
		4F85BE871F417A620044C5E8 /* map.html in Resources */ = {isa = PBXBuildFile; fileRef = 4F85BE701F417A620044C5E8 /* map.html */; };
		4F85BE881F417A620044C5E8 /* map.js in Resources */ = {isa = PBXBuildFile; fileRef = 4F85BE711F417A620044C5E8 /* map.js */; };
		4F85BE891F417A620044C5E8 /* travel.html in Resources */ = {isa = PBXBuildFile; fileRef = 4F85BE721F417A620044C5E8 /* travel.html */; };
		4F85BE8A1F417A620044C5E8 /* map.css in Resources */ = {isa = PBXBuildFile; fileRef = 4F85BE731F417A620044C5E8 /* map.css */; };
		4F85BE8B1F417A620044C5E8 /* vue-swipe.css in Resources */ = {isa = PBXBuildFile; fileRef = 4F85BE751F417A620044C5E8 /* vue-swipe.css */; };
		4F85BE8C1F417A620044C5E8 /* vue-swipe.js in Resources */ = {isa = PBXBuildFile; fileRef = 4F85BE761F417A620044C5E8 /* vue-swipe.js */; };
		4F85BE8D1F417A620044C5E8 /* vue.js in Resources */ = {isa = PBXBuildFile; fileRef = 4F85BE771F417A620044C5E8 /* vue.js */; };
		4F85BE8E1F417A620044C5E8 /* ajax-loader.gif in Resources */ = {isa = PBXBuildFile; fileRef = 4F85BE7A1F417A620044C5E8 /* ajax-loader.gif */; };
		4F85BE8F1F417A620044C5E8 /* jquery-1.11.3.min.js in Resources */ = {isa = PBXBuildFile; fileRef = 4F85BE7B1F417A620044C5E8 /* jquery-1.11.3.min.js */; };
		4F85BE901F417A620044C5E8 /* jquery.mobile-1.4.5.min.css in Resources */ = {isa = PBXBuildFile; fileRef = 4F85BE7C1F417A620044C5E8 /* jquery.mobile-1.4.5.min.css */; };
		4F85BE911F417A620044C5E8 /* jquery.mobile-1.4.5.min.js in Resources */ = {isa = PBXBuildFile; fileRef = 4F85BE7D1F417A620044C5E8 /* jquery.mobile-1.4.5.min.js */; };
		4F85BE921F417A620044C5E8 /* jquery.mobile.custom.min.js in Resources */ = {isa = PBXBuildFile; fileRef = 4F85BE7E1F417A620044C5E8 /* jquery.mobile.custom.min.js */; };
		4F85BE931F417A620044C5E8 /* jquery.mobile.custom.structure.min.css in Resources */ = {isa = PBXBuildFile; fileRef = 4F85BE7F1F417A620044C5E8 /* jquery.mobile.custom.structure.min.css */; };
		4F85BE941F417A620044C5E8 /* jquery.mobile.custom.theme.min.css in Resources */ = {isa = PBXBuildFile; fileRef = 4F85BE801F417A620044C5E8 /* jquery.mobile.custom.theme.min.css */; };
		4F85BE9A1F417EA70044C5E8 /* LocationTransformer.m in Sources */ = {isa = PBXBuildFile; fileRef = 4F85BE991F417EA70044C5E8 /* LocationTransformer.m */; };
		4FC3955B1EA791270027A839 /* LinkLabelImageGenerator.m in Sources */ = {isa = PBXBuildFile; fileRef = 4FC3955A1EA791270027A839 /* LinkLabelImageGenerator.m */; };
		4FDFCB101E84B59A00A6C102 /* main.m in Sources */ = {isa = PBXBuildFile; fileRef = 4FDFCB0F1E84B59A00A6C102 /* main.m */; };
		4FDFCB131E84B59A00A6C102 /* AppDelegate.m in Sources */ = {isa = PBXBuildFile; fileRef = 4FDFCB121E84B59A00A6C102 /* AppDelegate.m */; };
		4FDFCB161E84B59A00A6C102 /* ViewController.m in Sources */ = {isa = PBXBuildFile; fileRef = 4FDFCB151E84B59A00A6C102 /* ViewController.m */; };
		4FDFCB191E84B59A00A6C102 /* Main.storyboard in Resources */ = {isa = PBXBuildFile; fileRef = 4FDFCB171E84B59A00A6C102 /* Main.storyboard */; };
		4FDFCB1B1E84B59A00A6C102 /* Assets.xcassets in Resources */ = {isa = PBXBuildFile; fileRef = 4FDFCB1A1E84B59A00A6C102 /* Assets.xcassets */; };
		4FDFCB1E1E84B59A00A6C102 /* LaunchScreen.storyboard in Resources */ = {isa = PBXBuildFile; fileRef = 4FDFCB1C1E84B59A00A6C102 /* LaunchScreen.storyboard */; };
		4FDFCB3B1E84EF3000A6C102 /* icon_22x29.png in Resources */ = {isa = PBXBuildFile; fileRef = 4FDFCB3A1E84EF3000A6C102 /* icon_22x29.png */; };
		4FDFCB3D1E84EF3700A6C102 /* icon_44x58.png in Resources */ = {isa = PBXBuildFile; fileRef = 4FDFCB3C1E84EF3700A6C102 /* icon_44x58.png */; };
		4FDFCB3F1E84EF3D00A6C102 /* public.image.png in Resources */ = {isa = PBXBuildFile; fileRef = 4FDFCB3E1E84EF3D00A6C102 /* public.image.png */; };
		4FDFCB411E84FB0F00A6C102 /* icon_64x64.png in Resources */ = {isa = PBXBuildFile; fileRef = 4FDFCB401E84FB0F00A6C102 /* icon_64x64.png */; };
/* End PBXBuildFile section */

/* Begin PBXCopyFilesBuildPhase section */
		4FDFCB381E84B64C00A6C102 /* Embed App Extensions */ = {
			isa = PBXCopyFilesBuildPhase;
			buildActionMask = 2147483647;
			dstPath = "";
			dstSubfolderSpec = 13;
			files = (
			);
			name = "Embed App Extensions";
			runOnlyForDeploymentPostprocessing = 0;
		};
/* End PBXCopyFilesBuildPhase section */

/* Begin PBXFileReference section */
		4F00D4921F26F75C0027528D /* 1.wav */ = {isa = PBXFileReference; lastKnownFileType = audio.wav; path = 1.wav; sourceTree = "<group>"; };
		4F0115F31EE3A46F00330302 /* CTCallIVRView.nib */ = {isa = PBXFileReference; lastKnownFileType = file; path = CTCallIVRView.nib; sourceTree = "<group>"; };
		4F1382EE1E9C687E00112681 /* View.xib */ = {isa = PBXFileReference; fileEncoding = 4; lastKnownFileType = file.xib; path = View.xib; sourceTree = "<group>"; };
		4F13830C1E9CE38D00112681 /* CoreTelephony.framework */ = {isa = PBXFileReference; lastKnownFileType = wrapper.framework; name = CoreTelephony.framework; path = System/Library/Frameworks/CoreTelephony.framework; sourceTree = SDKROOT; };
		4F39B75C1E97546600FAE64C /* NSString+MD5.h */ = {isa = PBXFileReference; fileEncoding = 4; lastKnownFileType = sourcecode.c.h; path = "NSString+MD5.h"; sourceTree = "<group>"; };
		4F39B75D1E97546600FAE64C /* NSString+MD5.m */ = {isa = PBXFileReference; fileEncoding = 4; lastKnownFileType = sourcecode.c.objc; path = "NSString+MD5.m"; sourceTree = "<group>"; };
		4F3AA9471EC16AF5003CFC02 /* ThirdFont.plist */ = {isa = PBXFileReference; fileEncoding = 4; lastKnownFileType = text.plist.xml; path = ThirdFont.plist; sourceTree = "<group>"; };
		4F4A4ED41F261F680042CA5F /* lame.h */ = {isa = PBXFileReference; fileEncoding = 4; lastKnownFileType = sourcecode.c.h; path = lame.h; sourceTree = "<group>"; };
		4F4A4ED61F261F680042CA5F /* libmp3lame.a */ = {isa = PBXFileReference; lastKnownFileType = archive.ar; path = libmp3lame.a; sourceTree = "<group>"; };
		4F51FC981E9B2FBE009808DF /* AFHTTPSessionManager.h */ = {isa = PBXFileReference; fileEncoding = 4; lastKnownFileType = sourcecode.c.h; path = AFHTTPSessionManager.h; sourceTree = "<group>"; };
		4F51FC991E9B2FBE009808DF /* AFHTTPSessionManager.m */ = {isa = PBXFileReference; fileEncoding = 4; lastKnownFileType = sourcecode.c.objc; path = AFHTTPSessionManager.m; sourceTree = "<group>"; };
		4F51FC9A1E9B2FBE009808DF /* AFNetworking.h */ = {isa = PBXFileReference; fileEncoding = 4; lastKnownFileType = sourcecode.c.h; path = AFNetworking.h; sourceTree = "<group>"; };
		4F51FC9B1E9B2FBE009808DF /* AFNetworkReachabilityManager.h */ = {isa = PBXFileReference; fileEncoding = 4; lastKnownFileType = sourcecode.c.h; path = AFNetworkReachabilityManager.h; sourceTree = "<group>"; };
		4F51FC9C1E9B2FBE009808DF /* AFNetworkReachabilityManager.m */ = {isa = PBXFileReference; fileEncoding = 4; lastKnownFileType = sourcecode.c.objc; path = AFNetworkReachabilityManager.m; sourceTree = "<group>"; };
		4F51FC9D1E9B2FBE009808DF /* AFSecurityPolicy.h */ = {isa = PBXFileReference; fileEncoding = 4; lastKnownFileType = sourcecode.c.h; path = AFSecurityPolicy.h; sourceTree = "<group>"; };
		4F51FC9E1E9B2FBE009808DF /* AFSecurityPolicy.m */ = {isa = PBXFileReference; fileEncoding = 4; lastKnownFileType = sourcecode.c.objc; path = AFSecurityPolicy.m; sourceTree = "<group>"; };
		4F51FC9F1E9B2FBE009808DF /* AFURLRequestSerialization.h */ = {isa = PBXFileReference; fileEncoding = 4; lastKnownFileType = sourcecode.c.h; path = AFURLRequestSerialization.h; sourceTree = "<group>"; };
		4F51FCA01E9B2FBE009808DF /* AFURLRequestSerialization.m */ = {isa = PBXFileReference; fileEncoding = 4; lastKnownFileType = sourcecode.c.objc; path = AFURLRequestSerialization.m; sourceTree = "<group>"; };
		4F51FCA11E9B2FBE009808DF /* AFURLResponseSerialization.h */ = {isa = PBXFileReference; fileEncoding = 4; lastKnownFileType = sourcecode.c.h; path = AFURLResponseSerialization.h; sourceTree = "<group>"; };
		4F51FCA21E9B2FBE009808DF /* AFURLResponseSerialization.m */ = {isa = PBXFileReference; fileEncoding = 4; lastKnownFileType = sourcecode.c.objc; path = AFURLResponseSerialization.m; sourceTree = "<group>"; };
		4F51FCA31E9B2FBE009808DF /* AFURLSessionManager.h */ = {isa = PBXFileReference; fileEncoding = 4; lastKnownFileType = sourcecode.c.h; path = AFURLSessionManager.h; sourceTree = "<group>"; };
		4F51FCA41E9B2FBE009808DF /* AFURLSessionManager.m */ = {isa = PBXFileReference; fileEncoding = 4; lastKnownFileType = sourcecode.c.objc; path = AFURLSessionManager.m; sourceTree = "<group>"; };
		4F6539821F346BFA00414774 /* ClassEnum.h */ = {isa = PBXFileReference; fileEncoding = 4; lastKnownFileType = sourcecode.c.h; path = ClassEnum.h; sourceTree = "<group>"; };
		4F6539831F346BFA00414774 /* ClassEnum.m */ = {isa = PBXFileReference; fileEncoding = 4; lastKnownFileType = sourcecode.c.objc; path = ClassEnum.m; sourceTree = "<group>"; };
		4F6539851F346C1A00414774 /* PrefixHeader.pch */ = {isa = PBXFileReference; lastKnownFileType = sourcecode.c.h; path = PrefixHeader.pch; sourceTree = "<group>"; };
		4F6565B61F31B2AD00EB6797 /* GoogleMapController.h */ = {isa = PBXFileReference; fileEncoding = 4; lastKnownFileType = sourcecode.c.h; path = GoogleMapController.h; sourceTree = "<group>"; };
		4F6565B71F31B2AD00EB6797 /* GoogleMapController.m */ = {isa = PBXFileReference; fileEncoding = 4; lastKnownFileType = sourcecode.c.objc; path = GoogleMapController.m; sourceTree = "<group>"; };
		4F7B13EE1F2983C6007836EE /* WaterWaveProgressView.h */ = {isa = PBXFileReference; fileEncoding = 4; lastKnownFileType = sourcecode.c.h; path = WaterWaveProgressView.h; sourceTree = "<group>"; };
		4F7B13EF1F2983C6007836EE /* WaterWaveProgressView.m */ = {isa = PBXFileReference; fileEncoding = 4; lastKnownFileType = sourcecode.c.objc; path = WaterWaveProgressView.m; sourceTree = "<group>"; };
		4F7DB7271F3FF7EA00507498 /* Animal.h */ = {isa = PBXFileReference; fileEncoding = 4; lastKnownFileType = sourcecode.c.h; path = Animal.h; sourceTree = "<group>"; };
		4F7DB7281F3FF7EA00507498 /* Animal.m */ = {isa = PBXFileReference; fileEncoding = 4; lastKnownFileType = sourcecode.c.objc; path = Animal.m; sourceTree = "<group>"; };
		4F85BE6A1F417A620044C5E8 /* bg_location_info.png */ = {isa = PBXFileReference; lastKnownFileType = image.png; path = bg_location_info.png; sourceTree = "<group>"; };
		4F85BE6B1F417A620044C5E8 /* btn_back.png */ = {isa = PBXFileReference; lastKnownFileType = image.png; path = btn_back.png; sourceTree = "<group>"; };
		4F85BE6C1F417A620044C5E8 /* btn_submit.png */ = {isa = PBXFileReference; lastKnownFileType = image.png; path = btn_submit.png; sourceTree = "<group>"; };
		4F85BE6D1F417A620044C5E8 /* ico_location.png */ = {isa = PBXFileReference; lastKnownFileType = image.png; path = ico_location.png; sourceTree = "<group>"; };
		4F85BE6E1F417A620044C5E8 /* location_marker.png */ = {isa = PBXFileReference; lastKnownFileType = image.png; path = location_marker.png; sourceTree = "<group>"; };
		4F85BE6F1F417A620044C5E8 /* p.png */ = {isa = PBXFileReference; lastKnownFileType = image.png; path = p.png; sourceTree = "<group>"; };
		4F85BE701F417A620044C5E8 /* map.html */ = {isa = PBXFileReference; fileEncoding = 4; lastKnownFileType = text.html; path = map.html; sourceTree = "<group>"; };
		4F85BE711F417A620044C5E8 /* map.js */ = {isa = PBXFileReference; fileEncoding = 4; lastKnownFileType = sourcecode.javascript; path = map.js; sourceTree = "<group>"; };
		4F85BE721F417A620044C5E8 /* travel.html */ = {isa = PBXFileReference; fileEncoding = 4; lastKnownFileType = text.html; path = travel.html; sourceTree = "<group>"; };
		4F85BE731F417A620044C5E8 /* map.css */ = {isa = PBXFileReference; fileEncoding = 4; lastKnownFileType = text.css; path = map.css; sourceTree = "<group>"; };
		4F85BE751F417A620044C5E8 /* vue-swipe.css */ = {isa = PBXFileReference; fileEncoding = 4; lastKnownFileType = text.css; path = "vue-swipe.css"; sourceTree = "<group>"; };
		4F85BE761F417A620044C5E8 /* vue-swipe.js */ = {isa = PBXFileReference; fileEncoding = 4; lastKnownFileType = sourcecode.javascript; path = "vue-swipe.js"; sourceTree = "<group>"; };
		4F85BE771F417A620044C5E8 /* vue.js */ = {isa = PBXFileReference; fileEncoding = 4; lastKnownFileType = sourcecode.javascript; path = vue.js; sourceTree = "<group>"; };
		4F85BE7A1F417A620044C5E8 /* ajax-loader.gif */ = {isa = PBXFileReference; lastKnownFileType = image.gif; path = "ajax-loader.gif"; sourceTree = "<group>"; };
		4F85BE7B1F417A620044C5E8 /* jquery-1.11.3.min.js */ = {isa = PBXFileReference; fileEncoding = 4; lastKnownFileType = sourcecode.javascript; path = "jquery-1.11.3.min.js"; sourceTree = "<group>"; };
		4F85BE7C1F417A620044C5E8 /* jquery.mobile-1.4.5.min.css */ = {isa = PBXFileReference; fileEncoding = 4; lastKnownFileType = text.css; path = "jquery.mobile-1.4.5.min.css"; sourceTree = "<group>"; };
		4F85BE7D1F417A620044C5E8 /* jquery.mobile-1.4.5.min.js */ = {isa = PBXFileReference; fileEncoding = 4; lastKnownFileType = sourcecode.javascript; path = "jquery.mobile-1.4.5.min.js"; sourceTree = "<group>"; };
		4F85BE7E1F417A620044C5E8 /* jquery.mobile.custom.min.js */ = {isa = PBXFileReference; fileEncoding = 4; lastKnownFileType = sourcecode.javascript; path = jquery.mobile.custom.min.js; sourceTree = "<group>"; };
		4F85BE7F1F417A620044C5E8 /* jquery.mobile.custom.structure.min.css */ = {isa = PBXFileReference; fileEncoding = 4; lastKnownFileType = text.css; path = jquery.mobile.custom.structure.min.css; sourceTree = "<group>"; };
		4F85BE801F417A620044C5E8 /* jquery.mobile.custom.theme.min.css */ = {isa = PBXFileReference; fileEncoding = 4; lastKnownFileType = text.css; path = jquery.mobile.custom.theme.min.css; sourceTree = "<group>"; };
		4F85BE981F417EA70044C5E8 /* LocationTransformer.h */ = {isa = PBXFileReference; fileEncoding = 4; lastKnownFileType = sourcecode.c.h; path = LocationTransformer.h; sourceTree = "<group>"; };
		4F85BE991F417EA70044C5E8 /* LocationTransformer.m */ = {isa = PBXFileReference; fileEncoding = 4; lastKnownFileType = sourcecode.c.objc; path = LocationTransformer.m; sourceTree = "<group>"; };
		4FC395591EA791270027A839 /* LinkLabelImageGenerator.h */ = {isa = PBXFileReference; fileEncoding = 4; lastKnownFileType = sourcecode.c.h; path = LinkLabelImageGenerator.h; sourceTree = "<group>"; };
		4FC3955A1EA791270027A839 /* LinkLabelImageGenerator.m */ = {isa = PBXFileReference; fileEncoding = 4; lastKnownFileType = sourcecode.c.objc; path = LinkLabelImageGenerator.m; sourceTree = "<group>"; };
		4FDFCB0B1E84B59A00A6C102 /* Test.app */ = {isa = PBXFileReference; explicitFileType = wrapper.application; includeInIndex = 0; path = Test.app; sourceTree = BUILT_PRODUCTS_DIR; };
		4FDFCB0F1E84B59A00A6C102 /* main.m */ = {isa = PBXFileReference; lastKnownFileType = sourcecode.c.objc; path = main.m; sourceTree = "<group>"; };
		4FDFCB111E84B59A00A6C102 /* AppDelegate.h */ = {isa = PBXFileReference; lastKnownFileType = sourcecode.c.h; path = AppDelegate.h; sourceTree = "<group>"; };
		4FDFCB121E84B59A00A6C102 /* AppDelegate.m */ = {isa = PBXFileReference; lastKnownFileType = sourcecode.c.objc; path = AppDelegate.m; sourceTree = "<group>"; };
		4FDFCB141E84B59A00A6C102 /* ViewController.h */ = {isa = PBXFileReference; lastKnownFileType = sourcecode.c.h; path = ViewController.h; sourceTree = "<group>"; };
		4FDFCB151E84B59A00A6C102 /* ViewController.m */ = {isa = PBXFileReference; lastKnownFileType = sourcecode.c.objc; path = ViewController.m; sourceTree = "<group>"; };
		4FDFCB181E84B59A00A6C102 /* Base */ = {isa = PBXFileReference; lastKnownFileType = file.storyboard; name = Base; path = Base.lproj/Main.storyboard; sourceTree = "<group>"; };
		4FDFCB1A1E84B59A00A6C102 /* Assets.xcassets */ = {isa = PBXFileReference; lastKnownFileType = folder.assetcatalog; path = Assets.xcassets; sourceTree = "<group>"; };
		4FDFCB1D1E84B59A00A6C102 /* Base */ = {isa = PBXFileReference; lastKnownFileType = file.storyboard; name = Base; path = Base.lproj/LaunchScreen.storyboard; sourceTree = "<group>"; };
		4FDFCB1F1E84B59A00A6C102 /* Info.plist */ = {isa = PBXFileReference; lastKnownFileType = text.plist.xml; path = Info.plist; sourceTree = "<group>"; };
		4FDFCB3A1E84EF3000A6C102 /* icon_22x29.png */ = {isa = PBXFileReference; lastKnownFileType = image.png; name = icon_22x29.png; path = Assets.xcassets/icon_22x29.imageset/icon_22x29.png; sourceTree = "<group>"; };
		4FDFCB3C1E84EF3700A6C102 /* icon_44x58.png */ = {isa = PBXFileReference; lastKnownFileType = image.png; name = icon_44x58.png; path = Assets.xcassets/icon_44x58.imageset/icon_44x58.png; sourceTree = "<group>"; };
		4FDFCB3E1E84EF3D00A6C102 /* public.image.png */ = {isa = PBXFileReference; lastKnownFileType = image.png; name = public.image.png; path = Assets.xcassets/public.image.imageset/public.image.png; sourceTree = "<group>"; };
		4FDFCB401E84FB0F00A6C102 /* icon_64x64.png */ = {isa = PBXFileReference; lastKnownFileType = image.png; path = icon_64x64.png; sourceTree = "<group>"; };
/* End PBXFileReference section */

/* Begin PBXFrameworksBuildPhase section */
		4FDFCB081E84B59A00A6C102 /* Frameworks */ = {
			isa = PBXFrameworksBuildPhase;
			buildActionMask = 2147483647;
			files = (
				4F13830D1E9CE38D00112681 /* CoreTelephony.framework in Frameworks */,
				4F4A4ED71F261F680042CA5F /* libmp3lame.a in Frameworks */,
			);
			runOnlyForDeploymentPostprocessing = 0;
		};
/* End PBXFrameworksBuildPhase section */

/* Begin PBXGroup section */
		4F13830B1E9CE38D00112681 /* Frameworks */ = {
			isa = PBXGroup;
			children = (
				4F13830C1E9CE38D00112681 /* CoreTelephony.framework */,
			);
			name = Frameworks;
			sourceTree = "<group>";
		};
		4F4A4ED11F261F430042CA5F /* ThirdParty */ = {
			isa = PBXGroup;
			children = (
				4F4A4ED21F261F680042CA5F /* include */,
				4F4A4ED51F261F680042CA5F /* lib */,
			);
			path = ThirdParty;
			sourceTree = "<group>";
		};
		4F4A4ED21F261F680042CA5F /* include */ = {
			isa = PBXGroup;
			children = (
				4F4A4ED31F261F680042CA5F /* lame */,
			);
			path = include;
			sourceTree = "<group>";
		};
		4F4A4ED31F261F680042CA5F /* lame */ = {
			isa = PBXGroup;
			children = (
				4F4A4ED41F261F680042CA5F /* lame.h */,
			);
			path = lame;
			sourceTree = "<group>";
		};
		4F4A4ED51F261F680042CA5F /* lib */ = {
			isa = PBXGroup;
			children = (
				4F4A4ED61F261F680042CA5F /* libmp3lame.a */,
			);
			path = lib;
			sourceTree = "<group>";
		};
		4F51FC971E9B2FBE009808DF /* AFNetworking */ = {
			isa = PBXGroup;
			children = (
				4F51FC981E9B2FBE009808DF /* AFHTTPSessionManager.h */,
				4F51FC991E9B2FBE009808DF /* AFHTTPSessionManager.m */,
				4F51FC9A1E9B2FBE009808DF /* AFNetworking.h */,
				4F51FC9B1E9B2FBE009808DF /* AFNetworkReachabilityManager.h */,
				4F51FC9C1E9B2FBE009808DF /* AFNetworkReachabilityManager.m */,
				4F51FC9D1E9B2FBE009808DF /* AFSecurityPolicy.h */,
				4F51FC9E1E9B2FBE009808DF /* AFSecurityPolicy.m */,
				4F51FC9F1E9B2FBE009808DF /* AFURLRequestSerialization.h */,
				4F51FCA01E9B2FBE009808DF /* AFURLRequestSerialization.m */,
				4F51FCA11E9B2FBE009808DF /* AFURLResponseSerialization.h */,
				4F51FCA21E9B2FBE009808DF /* AFURLResponseSerialization.m */,
				4F51FCA31E9B2FBE009808DF /* AFURLSessionManager.h */,
				4F51FCA41E9B2FBE009808DF /* AFURLSessionManager.m */,
			);
			path = AFNetworking;
			sourceTree = "<group>";
		};
		4F7B13ED1F2981D2007836EE /* WaterWaveProgressView */ = {
			isa = PBXGroup;
			children = (
				4F7B13EE1F2983C6007836EE /* WaterWaveProgressView.h */,
				4F7B13EF1F2983C6007836EE /* WaterWaveProgressView.m */,
			);
			path = WaterWaveProgressView;
			sourceTree = "<group>";
		};
		4F7DB7261F3FF7C700507498 /* File */ = {
			isa = PBXGroup;
			children = (
				4F7DB7271F3FF7EA00507498 /* Animal.h */,
				4F7DB7281F3FF7EA00507498 /* Animal.m */,
			);
			path = File;
			sourceTree = "<group>";
		};
		4F85BE381F4170EC0044C5E8 /* GoogleMap */ = {
			isa = PBXGroup;
			children = (
				4F85BE691F417A620044C5E8 /* img */,
				4F85BE701F417A620044C5E8 /* map.html */,
				4F85BE711F417A620044C5E8 /* map.js */,
				4F85BE721F417A620044C5E8 /* travel.html */,
				4F85BE731F417A620044C5E8 /* map.css */,
				4F85BE741F417A620044C5E8 /* vue */,
				4F85BE781F417A620044C5E8 /* jquery */,
			);
			path = GoogleMap;
			sourceTree = "<group>";
		};
		4F85BE691F417A620044C5E8 /* img */ = {
			isa = PBXGroup;
			children = (
				4F85BE6A1F417A620044C5E8 /* bg_location_info.png */,
				4F85BE6B1F417A620044C5E8 /* btn_back.png */,
				4F85BE6C1F417A620044C5E8 /* btn_submit.png */,
				4F85BE6D1F417A620044C5E8 /* ico_location.png */,
				4F85BE6E1F417A620044C5E8 /* location_marker.png */,
				4F85BE6F1F417A620044C5E8 /* p.png */,
			);
			path = img;
			sourceTree = "<group>";
		};
		4F85BE741F417A620044C5E8 /* vue */ = {
			isa = PBXGroup;
			children = (
				4F85BE751F417A620044C5E8 /* vue-swipe.css */,
				4F85BE761F417A620044C5E8 /* vue-swipe.js */,
				4F85BE771F417A620044C5E8 /* vue.js */,
			);
			path = vue;
			sourceTree = "<group>";
		};
		4F85BE781F417A620044C5E8 /* jquery */ = {
			isa = PBXGroup;
			children = (
				4F85BE791F417A620044C5E8 /* images */,
				4F85BE7B1F417A620044C5E8 /* jquery-1.11.3.min.js */,
				4F85BE7C1F417A620044C5E8 /* jquery.mobile-1.4.5.min.css */,
				4F85BE7D1F417A620044C5E8 /* jquery.mobile-1.4.5.min.js */,
				4F85BE7E1F417A620044C5E8 /* jquery.mobile.custom.min.js */,
				4F85BE7F1F417A620044C5E8 /* jquery.mobile.custom.structure.min.css */,
				4F85BE801F417A620044C5E8 /* jquery.mobile.custom.theme.min.css */,
			);
			path = jquery;
			sourceTree = "<group>";
		};
		4F85BE791F417A620044C5E8 /* images */ = {
			isa = PBXGroup;
			children = (
				4F85BE7A1F417A620044C5E8 /* ajax-loader.gif */,
			);
			path = images;
			sourceTree = "<group>";
		};
		4FDFCB021E84B59A00A6C102 = {
			isa = PBXGroup;
			children = (
				4FDFCB0D1E84B59A00A6C102 /* Test */,
				4FDFCB0C1E84B59A00A6C102 /* Products */,
				4F13830B1E9CE38D00112681 /* Frameworks */,
			);
			sourceTree = "<group>";
		};
		4FDFCB0C1E84B59A00A6C102 /* Products */ = {
			isa = PBXGroup;
			children = (
				4FDFCB0B1E84B59A00A6C102 /* Test.app */,
			);
			name = Products;
			sourceTree = "<group>";
		};
		4FDFCB0D1E84B59A00A6C102 /* Test */ = {
			isa = PBXGroup;
			children = (
				4F85BE381F4170EC0044C5E8 /* GoogleMap */,
				4F7DB7261F3FF7C700507498 /* File */,
				4F7B13ED1F2981D2007836EE /* WaterWaveProgressView */,
				4F4A4ED11F261F430042CA5F /* ThirdParty */,
				4F51FC971E9B2FBE009808DF /* AFNetworking */,
				4F39B75C1E97546600FAE64C /* NSString+MD5.h */,
				4F39B75D1E97546600FAE64C /* NSString+MD5.m */,
				4FDFCB111E84B59A00A6C102 /* AppDelegate.h */,
				4FDFCB121E84B59A00A6C102 /* AppDelegate.m */,
				4F6565B61F31B2AD00EB6797 /* GoogleMapController.h */,
				4F6565B71F31B2AD00EB6797 /* GoogleMapController.m */,
				4FDFCB141E84B59A00A6C102 /* ViewController.h */,
				4FDFCB151E84B59A00A6C102 /* ViewController.m */,
				4F6539821F346BFA00414774 /* ClassEnum.h */,
				4F6539831F346BFA00414774 /* ClassEnum.m */,
				4F85BE981F417EA70044C5E8 /* LocationTransformer.h */,
				4F85BE991F417EA70044C5E8 /* LocationTransformer.m */,
				4F00D4921F26F75C0027528D /* 1.wav */,
				4FC395591EA791270027A839 /* LinkLabelImageGenerator.h */,
				4FC3955A1EA791270027A839 /* LinkLabelImageGenerator.m */,
				4F0115F31EE3A46F00330302 /* CTCallIVRView.nib */,
				4F1382EE1E9C687E00112681 /* View.xib */,
				4FDFCB171E84B59A00A6C102 /* Main.storyboard */,
				4FDFCB1A1E84B59A00A6C102 /* Assets.xcassets */,
				4F6539851F346C1A00414774 /* PrefixHeader.pch */,
				4FDFCB1C1E84B59A00A6C102 /* LaunchScreen.storyboard */,
				4FDFCB1F1E84B59A00A6C102 /* Info.plist */,
				4F3AA9471EC16AF5003CFC02 /* ThirdFont.plist */,
				4FDFCB0E1E84B59A00A6C102 /* Supporting Files */,
			);
			path = Test;
			sourceTree = "<group>";
		};
		4FDFCB0E1E84B59A00A6C102 /* Supporting Files */ = {
			isa = PBXGroup;
			children = (
				4FDFCB401E84FB0F00A6C102 /* icon_64x64.png */,
				4FDFCB3A1E84EF3000A6C102 /* icon_22x29.png */,
				4FDFCB3C1E84EF3700A6C102 /* icon_44x58.png */,
				4FDFCB3E1E84EF3D00A6C102 /* public.image.png */,
				4FDFCB0F1E84B59A00A6C102 /* main.m */,
			);
			name = "Supporting Files";
			sourceTree = "<group>";
		};
/* End PBXGroup section */

/* Begin PBXNativeTarget section */
		4FDFCB0A1E84B59A00A6C102 /* Test */ = {
			isa = PBXNativeTarget;
			buildConfigurationList = 4FDFCB221E84B59A00A6C102 /* Build configuration list for PBXNativeTarget "Test" */;
			buildPhases = (
				4FDFCB071E84B59A00A6C102 /* Sources */,
				4FDFCB081E84B59A00A6C102 /* Frameworks */,
				4FDFCB091E84B59A00A6C102 /* Resources */,
				4FDFCB381E84B64C00A6C102 /* Embed App Extensions */,
			);
			buildRules = (
			);
			dependencies = (
			);
			name = Test;
			productName = Test;
			productReference = 4FDFCB0B1E84B59A00A6C102 /* Test.app */;
			productType = "com.apple.product-type.application";
		};
/* End PBXNativeTarget section */

/* Begin PBXProject section */
		4FDFCB031E84B59A00A6C102 /* Project object */ = {
			isa = PBXProject;
			attributes = {
				LastUpgradeCheck = 0820;
				ORGANIZATIONNAME = tangtianshuai;
				TargetAttributes = {
					4FDFCB0A1E84B59A00A6C102 = {
						CreatedOnToolsVersion = 8.2;
						DevelopmentTeam = 4DXSJD3UJE;
						ProvisioningStyle = Automatic;
					};
				};
			};
			buildConfigurationList = 4FDFCB061E84B59A00A6C102 /* Build configuration list for PBXProject "Test" */;
			compatibilityVersion = "Xcode 3.2";
			developmentRegion = English;
			hasScannedForEncodings = 0;
			knownRegions = (
				en,
				Base,
			);
			mainGroup = 4FDFCB021E84B59A00A6C102;
			productRefGroup = 4FDFCB0C1E84B59A00A6C102 /* Products */;
			projectDirPath = "";
			projectRoot = "";
			targets = (
				4FDFCB0A1E84B59A00A6C102 /* Test */,
			);
		};
/* End PBXProject section */

/* Begin PBXResourcesBuildPhase section */
		4FDFCB091E84B59A00A6C102 /* Resources */ = {
			isa = PBXResourcesBuildPhase;
			buildActionMask = 2147483647;
			files = (
				4F85BE8C1F417A620044C5E8 /* vue-swipe.js in Resources */,
				4F85BE851F417A620044C5E8 /* location_marker.png in Resources */,
				4FDFCB3B1E84EF3000A6C102 /* icon_22x29.png in Resources */,
				4F85BE821F417A620044C5E8 /* btn_back.png in Resources */,
				4FDFCB1E1E84B59A00A6C102 /* LaunchScreen.storyboard in Resources */,
				4F85BE881F417A620044C5E8 /* map.js in Resources */,
				4F85BE941F417A620044C5E8 /* jquery.mobile.custom.theme.min.css in Resources */,
				4FDFCB1B1E84B59A00A6C102 /* Assets.xcassets in Resources */,
				4F85BE871F417A620044C5E8 /* map.html in Resources */,
				4F0115F41EE3A46F00330302 /* CTCallIVRView.nib in Resources */,
				4F85BE841F417A620044C5E8 /* ico_location.png in Resources */,
				4F85BE8B1F417A620044C5E8 /* vue-swipe.css in Resources */,
				4F1382EF1E9C687E00112681 /* View.xib in Resources */,
				4F85BE8F1F417A620044C5E8 /* jquery-1.11.3.min.js in Resources */,
				4F00D4931F26F75C0027528D /* 1.wav in Resources */,
				4FDFCB411E84FB0F00A6C102 /* icon_64x64.png in Resources */,
				4F85BE891F417A620044C5E8 /* travel.html in Resources */,
				4F85BE811F417A620044C5E8 /* bg_location_info.png in Resources */,
				4F85BE931F417A620044C5E8 /* jquery.mobile.custom.structure.min.css in Resources */,
				4F85BE8E1F417A620044C5E8 /* ajax-loader.gif in Resources */,
				4FDFCB3F1E84EF3D00A6C102 /* public.image.png in Resources */,
				4F85BE8D1F417A620044C5E8 /* vue.js in Resources */,
				4F85BE8A1F417A620044C5E8 /* map.css in Resources */,
				4F85BE901F417A620044C5E8 /* jquery.mobile-1.4.5.min.css in Resources */,
				4FDFCB3D1E84EF3700A6C102 /* icon_44x58.png in Resources */,
				4F85BE861F417A620044C5E8 /* p.png in Resources */,
				4F85BE911F417A620044C5E8 /* jquery.mobile-1.4.5.min.js in Resources */,
				4F3AA9481EC16AF5003CFC02 /* ThirdFont.plist in Resources */,
				4F85BE831F417A620044C5E8 /* btn_submit.png in Resources */,
				4F85BE921F417A620044C5E8 /* jquery.mobile.custom.min.js in Resources */,
				4FDFCB191E84B59A00A6C102 /* Main.storyboard in Resources */,
			);
			runOnlyForDeploymentPostprocessing = 0;
		};
/* End PBXResourcesBuildPhase section */

/* Begin PBXSourcesBuildPhase section */
		4FDFCB071E84B59A00A6C102 /* Sources */ = {
			isa = PBXSourcesBuildPhase;
			buildActionMask = 2147483647;
			files = (
				4F51FCA71E9B2FBE009808DF /* AFSecurityPolicy.m in Sources */,
				4F51FCA91E9B2FBE009808DF /* AFURLResponseSerialization.m in Sources */,
				4F6565B81F31B2AD00EB6797 /* GoogleMapController.m in Sources */,
				4FDFCB161E84B59A00A6C102 /* ViewController.m in Sources */,
				4FDFCB131E84B59A00A6C102 /* AppDelegate.m in Sources */,
				4F7B13F01F2983C6007836EE /* WaterWaveProgressView.m in Sources */,
				4F51FCA51E9B2FBE009808DF /* AFHTTPSessionManager.m in Sources */,
				4F51FCAA1E9B2FBE009808DF /* AFURLSessionManager.m in Sources */,
				4F39B75E1E97546600FAE64C /* NSString+MD5.m in Sources */,
				4F6539841F346BFA00414774 /* ClassEnum.m in Sources */,
				4F51FCA61E9B2FBE009808DF /* AFNetworkReachabilityManager.m in Sources */,
				4FDFCB101E84B59A00A6C102 /* main.m in Sources */,
				4F85BE9A1F417EA70044C5E8 /* LocationTransformer.m in Sources */,
				4F7DB7291F3FF7EA00507498 /* Animal.m in Sources */,
				4F51FCA81E9B2FBE009808DF /* AFURLRequestSerialization.m in Sources */,
				4FC3955B1EA791270027A839 /* LinkLabelImageGenerator.m in Sources */,
			);
			runOnlyForDeploymentPostprocessing = 0;
		};
/* End PBXSourcesBuildPhase section */

/* Begin PBXVariantGroup section */
		4FDFCB171E84B59A00A6C102 /* Main.storyboard */ = {
			isa = PBXVariantGroup;
			children = (
				4FDFCB181E84B59A00A6C102 /* Base */,
			);
			name = Main.storyboard;
			sourceTree = "<group>";
		};
		4FDFCB1C1E84B59A00A6C102 /* LaunchScreen.storyboard */ = {
			isa = PBXVariantGroup;
			children = (
				4FDFCB1D1E84B59A00A6C102 /* Base */,
			);
			name = LaunchScreen.storyboard;
			sourceTree = "<group>";
		};
/* End PBXVariantGroup section */

/* Begin XCBuildConfiguration section */
		4FDFCB201E84B59A00A6C102 /* Debug */ = {
			isa = XCBuildConfiguration;
			buildSettings = {
				ALWAYS_SEARCH_USER_PATHS = NO;
				CLANG_ANALYZER_NONNULL = YES;
				CLANG_CXX_LANGUAGE_STANDARD = "gnu++0x";
				CLANG_CXX_LIBRARY = "libc++";
				CLANG_ENABLE_MODULES = YES;
				CLANG_ENABLE_OBJC_ARC = YES;
				CLANG_WARN_BOOL_CONVERSION = YES;
				CLANG_WARN_CONSTANT_CONVERSION = YES;
				CLANG_WARN_DIRECT_OBJC_ISA_USAGE = YES_ERROR;
				CLANG_WARN_DOCUMENTATION_COMMENTS = YES;
				CLANG_WARN_EMPTY_BODY = YES;
				CLANG_WARN_ENUM_CONVERSION = YES;
				CLANG_WARN_INFINITE_RECURSION = YES;
				CLANG_WARN_INT_CONVERSION = YES;
				CLANG_WARN_OBJC_ROOT_CLASS = YES_ERROR;
				CLANG_WARN_SUSPICIOUS_MOVE = YES;
				CLANG_WARN_UNREACHABLE_CODE = YES;
				CLANG_WARN__DUPLICATE_METHOD_MATCH = YES;
				"CODE_SIGN_IDENTITY[sdk=iphoneos*]" = "iPhone Developer";
				COPY_PHASE_STRIP = NO;
				DEBUG_INFORMATION_FORMAT = dwarf;
				ENABLE_STRICT_OBJC_MSGSEND = YES;
				ENABLE_TESTABILITY = YES;
				GCC_C_LANGUAGE_STANDARD = gnu99;
				GCC_DYNAMIC_NO_PIC = NO;
				GCC_NO_COMMON_BLOCKS = YES;
				GCC_OPTIMIZATION_LEVEL = 0;
				GCC_PREPROCESSOR_DEFINITIONS = (
					"DEBUG=1",
					"$(inherited)",
				);
				GCC_WARN_64_TO_32_BIT_CONVERSION = YES;
				GCC_WARN_ABOUT_RETURN_TYPE = YES_ERROR;
				GCC_WARN_UNDECLARED_SELECTOR = YES;
				GCC_WARN_UNINITIALIZED_AUTOS = YES_AGGRESSIVE;
				GCC_WARN_UNUSED_FUNCTION = YES;
				GCC_WARN_UNUSED_VARIABLE = YES;
				IPHONEOS_DEPLOYMENT_TARGET = 10.2;
				MTL_ENABLE_DEBUG_INFO = YES;
				ONLY_ACTIVE_ARCH = YES;
				SDKROOT = iphoneos;
				TARGETED_DEVICE_FAMILY = "1,2";
			};
			name = Debug;
		};
		4FDFCB211E84B59A00A6C102 /* Release */ = {
			isa = XCBuildConfiguration;
			buildSettings = {
				ALWAYS_SEARCH_USER_PATHS = NO;
				CLANG_ANALYZER_NONNULL = YES;
				CLANG_CXX_LANGUAGE_STANDARD = "gnu++0x";
				CLANG_CXX_LIBRARY = "libc++";
				CLANG_ENABLE_MODULES = YES;
				CLANG_ENABLE_OBJC_ARC = YES;
				CLANG_WARN_BOOL_CONVERSION = YES;
				CLANG_WARN_CONSTANT_CONVERSION = YES;
				CLANG_WARN_DIRECT_OBJC_ISA_USAGE = YES_ERROR;
				CLANG_WARN_DOCUMENTATION_COMMENTS = YES;
				CLANG_WARN_EMPTY_BODY = YES;
				CLANG_WARN_ENUM_CONVERSION = YES;
				CLANG_WARN_INFINITE_RECURSION = YES;
				CLANG_WARN_INT_CONVERSION = YES;
				CLANG_WARN_OBJC_ROOT_CLASS = YES_ERROR;
				CLANG_WARN_SUSPICIOUS_MOVE = YES;
				CLANG_WARN_UNREACHABLE_CODE = YES;
				CLANG_WARN__DUPLICATE_METHOD_MATCH = YES;
				"CODE_SIGN_IDENTITY[sdk=iphoneos*]" = "iPhone Developer";
				COPY_PHASE_STRIP = NO;
				DEBUG_INFORMATION_FORMAT = "dwarf-with-dsym";
				ENABLE_NS_ASSERTIONS = NO;
				ENABLE_STRICT_OBJC_MSGSEND = YES;
				GCC_C_LANGUAGE_STANDARD = gnu99;
				GCC_NO_COMMON_BLOCKS = YES;
				GCC_WARN_64_TO_32_BIT_CONVERSION = YES;
				GCC_WARN_ABOUT_RETURN_TYPE = YES_ERROR;
				GCC_WARN_UNDECLARED_SELECTOR = YES;
				GCC_WARN_UNINITIALIZED_AUTOS = YES_AGGRESSIVE;
				GCC_WARN_UNUSED_FUNCTION = YES;
				GCC_WARN_UNUSED_VARIABLE = YES;
				IPHONEOS_DEPLOYMENT_TARGET = 10.2;
				MTL_ENABLE_DEBUG_INFO = NO;
				SDKROOT = iphoneos;
				TARGETED_DEVICE_FAMILY = "1,2";
				VALIDATE_PRODUCT = YES;
			};
			name = Release;
		};
		4FDFCB231E84B59A00A6C102 /* Debug */ = {
			isa = XCBuildConfiguration;
			buildSettings = {
				ASSETCATALOG_COMPILER_APPICON_NAME = AppIcon;
				"CODE_SIGN_IDENTITY[sdk=iphoneos*]" = "iPhone Developer";
				DEVELOPMENT_TEAM = 4DXSJD3UJE;
				GCC_PRECOMPILE_PREFIX_HEADER = YES;
				GCC_PREFIX_HEADER = /Users/yx/PrivateSky/Test/Test/PrefixHeader.pch;
				INFOPLIST_FILE = Test/Info.plist;
				IPHONEOS_DEPLOYMENT_TARGET = 8.0;
				LD_RUNPATH_SEARCH_PATHS = "$(inherited) @executable_path/Frameworks";
				LIBRARY_SEARCH_PATHS = (
					"$(inherited)",
					"$(PROJECT_DIR)/Test/ThirdParty/lib",
				);
				PRODUCT_BUNDLE_IDENTIFIER = com.sky.test1;
				PRODUCT_NAME = "$(TARGET_NAME)";
			};
			name = Debug;
		};
		4FDFCB241E84B59A00A6C102 /* Release */ = {
			isa = XCBuildConfiguration;
			buildSettings = {
				ASSETCATALOG_COMPILER_APPICON_NAME = AppIcon;
				"CODE_SIGN_IDENTITY[sdk=iphoneos*]" = "iPhone Developer";
				DEVELOPMENT_TEAM = 4DXSJD3UJE;
				GCC_PRECOMPILE_PREFIX_HEADER = YES;
				GCC_PREFIX_HEADER = /Users/yx/PrivateSky/Test/Test/PrefixHeader.pch;
				INFOPLIST_FILE = Test/Info.plist;
				IPHONEOS_DEPLOYMENT_TARGET = 8.0;
				LD_RUNPATH_SEARCH_PATHS = "$(inherited) @executable_path/Frameworks";
				LIBRARY_SEARCH_PATHS = (
					"$(inherited)",
					"$(PROJECT_DIR)/Test/ThirdParty/lib",
				);
				PRODUCT_BUNDLE_IDENTIFIER = com.sky.test1;
				PRODUCT_NAME = "$(TARGET_NAME)";
			};
			name = Release;
		};
/* End XCBuildConfiguration section */

/* Begin XCConfigurationList section */
		4FDFCB061E84B59A00A6C102 /* Build configuration list for PBXProject "Test" */ = {
			isa = XCConfigurationList;
			buildConfigurations = (
				4FDFCB201E84B59A00A6C102 /* Debug */,
				4FDFCB211E84B59A00A6C102 /* Release */,
			);
			defaultConfigurationIsVisible = 0;
			defaultConfigurationName = Release;
		};
		4FDFCB221E84B59A00A6C102 /* Build configuration list for PBXNativeTarget "Test" */ = {
			isa = XCConfigurationList;
			buildConfigurations = (
				4FDFCB231E84B59A00A6C102 /* Debug */,
				4FDFCB241E84B59A00A6C102 /* Release */,
			);
			defaultConfigurationIsVisible = 0;
			defaultConfigurationName = Release;
		};
/* End XCConfigurationList section */
	};
	rootObject = 4FDFCB031E84B59A00A6C102 /* Project object */;
}
